
Microsoft Visual Studio Solution File, Format Version 12.00
# Visual Studio Version 16
VisualStudioVersion = 16.0.31702.278
MinimumVisualStudioVersion = 10.0.40219.1
Project("{FAE04EC0-301F-11D3-BF4B-00C04F79EFBC}") = "Saaspal", "Saaspal\Saaspal.csproj", "{433480C2-93CD-4CB1-86CD-EBB77EB5529C}"
EndProject
Global
	GlobalSection(SolutionConfigurationPlatforms) = preSolution
		Debug|Any CPU = Debug|Any CPU
		Release|Any CPU = Release|Any CPU
	EndGlobalSection
	GlobalSection(ProjectConfigurationPlatforms) = postSolution
		{433480C2-93CD-4CB1-86CD-EBB77EB5529C}.Debug|Any CPU.ActiveCfg = Debug|Any CPU
		{433480C2-93CD-4CB1-86CD-EBB77EB5529C}.Debug|Any CPU.Build.0 = Debug|Any CPU
		{433480C2-93CD-4CB1-86CD-EBB77EB5529C}.Release|Any CPU.ActiveCfg = Release|Any CPU
		{433480C2-93CD-4CB1-86CD-EBB77EB5529C}.Release|Any CPU.Build.0 = Release|Any CPU
	EndGlobalSection
	GlobalSection(SolutionProperties) = preSolution
		HideSolutionNode = FALSE
	EndGlobalSection
	GlobalSection(ExtensibilityGlobals) = postSolution
		SolutionGuid = {537C7591-6008-4C34-A3B2-0D8F71E7F9DA}
	EndGlobalSection
EndGlobal
